
Microsoft Visual Studio Solution File, Format Version 12.00
# Visual Studio Version 17
VisualStudioVersion = 17.6.33815.320
MinimumVisualStudioVersion = 10.0.40219.1
Project("{FAE04EC0-301F-11D3-BF4B-00C04F79EFBC}") = "udemy1", "udemy1.csproj", "{ABA282A4-FDAF-41A5-8D2F-F6F09C49F452}"
EndProject
Global
	GlobalSection(SolutionConfigurationPlatforms) = preSolution
		Debug|Any CPU = Debug|Any CPU
		Release|Any CPU = Release|Any CPU
	EndGlobalSection
	GlobalSection(ProjectConfigurationPlatforms) = postSolution
		{ABA282A4-FDAF-41A5-8D2F-F6F09C49F452}.Debug|Any CPU.ActiveCfg = Debug|Any CPU
		{ABA282A4-FDAF-41A5-8D2F-F6F09C49F452}.Debug|Any CPU.Build.0 = Debug|Any CPU
		{ABA282A4-FDAF-41A5-8D2F-F6F09C49F452}.Release|Any CPU.ActiveCfg = Release|Any CPU
		{ABA282A4-FDAF-41A5-8D2F-F6F09C49F452}.Release|Any CPU.Build.0 = Release|Any CPU
	EndGlobalSection
	GlobalSection(SolutionProperties) = preSolution
		HideSolutionNode = FALSE
	EndGlobalSection
	GlobalSection(ExtensibilityGlobals) = postSolution
		SolutionGuid = {88C3DF16-A133-47B6-BFCB-17F16F5CB3BD}
	EndGlobalSection
EndGlobal
