
Microsoft Visual Studio Solution File, Format Version 12.00
# Visual Studio Version 17
VisualStudioVersion = 17.6.33815.320
MinimumVisualStudioVersion = 10.0.40219.1
Project("{FAE04EC0-301F-11D3-BF4B-00C04F79EFBC}") = "Bulky", "Bulky\Bulky.csproj", "{0D2D9194-C69F-4C41-85C0-D41323295ADB}"
EndProject
Global
	GlobalSection(SolutionConfigurationPlatforms) = preSolution
		Debug|Any CPU = Debug|Any CPU
		Release|Any CPU = Release|Any CPU
	EndGlobalSection
	GlobalSection(ProjectConfigurationPlatforms) = postSolution
		{0D2D9194-C69F-4C41-85C0-D41323295ADB}.Debug|Any CPU.ActiveCfg = Debug|Any CPU
		{0D2D9194-C69F-4C41-85C0-D41323295ADB}.Debug|Any CPU.Build.0 = Debug|Any CPU
		{0D2D9194-C69F-4C41-85C0-D41323295ADB}.Release|Any CPU.ActiveCfg = Release|Any CPU
		{0D2D9194-C69F-4C41-85C0-D41323295ADB}.Release|Any CPU.Build.0 = Release|Any CPU
	EndGlobalSection
	GlobalSection(SolutionProperties) = preSolution
		HideSolutionNode = FALSE
	EndGlobalSection
	GlobalSection(ExtensibilityGlobals) = postSolution
		SolutionGuid = {283AA6A5-5EDF-4DF1-A1B5-E61C00728BD9}
	EndGlobalSection
EndGlobal
